
Microsoft Visual Studio Solution File, Format Version 12.00
# Visual Studio Version 16
VisualStudioVersion = 16.0.31112.23
MinimumVisualStudioVersion = 10.0.40219.1
Project("{FAE04EC0-301F-11D3-BF4B-00C04F79EFBC}") = "MovieRESTFulApi", "MovieRESTFulApi\MovieRESTFulApi.csproj", "{EF4AA7FC-637B-49BF-BFB6-A1B8DE822C18}"
EndProject
Global
	GlobalSection(SolutionConfigurationPlatforms) = preSolution
		Debug|Any CPU = Debug|Any CPU
		Release|Any CPU = Release|Any CPU
	EndGlobalSection
	GlobalSection(ProjectConfigurationPlatforms) = postSolution
		{EF4AA7FC-637B-49BF-BFB6-A1B8DE822C18}.Debug|Any CPU.ActiveCfg = Debug|Any CPU
		{EF4AA7FC-637B-49BF-BFB6-A1B8DE822C18}.Debug|Any CPU.Build.0 = Debug|Any CPU
		{EF4AA7FC-637B-49BF-BFB6-A1B8DE822C18}.Release|Any CPU.ActiveCfg = Release|Any CPU
		{EF4AA7FC-637B-49BF-BFB6-A1B8DE822C18}.Release|Any CPU.Build.0 = Release|Any CPU
	EndGlobalSection
	GlobalSection(SolutionProperties) = preSolution
		HideSolutionNode = FALSE
	EndGlobalSection
	GlobalSection(ExtensibilityGlobals) = postSolution
		SolutionGuid = {0A0D72F5-FB36-43A1-955A-F4C22CFA76B1}
	EndGlobalSection
EndGlobal
